
Microsoft Visual Studio Solution File, Format Version 12.00
# Visual Studio 15
VisualStudioVersion = 15.0.27703.2042
MinimumVisualStudioVersion = 10.0.40219.1
Project("{9A19103F-16F7-4668-BE54-9A1E7A4F7556}") = "ReactResume.Web", "ReactResume.Web\ReactResume.Web.csproj", "{A5B11374-9F6A-4D1F-B419-387793DC12ED}"
EndProject
Project("{FAE04EC0-301F-11D3-BF4B-00C04F79EFBC}") = "ReactResume.Data", "ReactResume.Data\ReactResume.Data.csproj", "{CFD5C577-554E-417A-83FB-98EF497C4E2A}"
EndProject
Project("{FAE04EC0-301F-11D3-BF4B-00C04F79EFBC}") = "ReactResume.Caching", "ReactResume.Caching\ReactResume.Caching.csproj", "{4E04D122-E518-4EE0-B164-BFB9F28DA750}"
EndProject
Global
	GlobalSection(SolutionConfigurationPlatforms) = preSolution
		Debug|Any CPU = Debug|Any CPU
		Release|Any CPU = Release|Any CPU
	EndGlobalSection
	GlobalSection(ProjectConfigurationPlatforms) = postSolution
		{A5B11374-9F6A-4D1F-B419-387793DC12ED}.Debug|Any CPU.ActiveCfg = Debug|Any CPU
		{A5B11374-9F6A-4D1F-B419-387793DC12ED}.Debug|Any CPU.Build.0 = Debug|Any CPU
		{A5B11374-9F6A-4D1F-B419-387793DC12ED}.Release|Any CPU.ActiveCfg = Release|Any CPU
		{A5B11374-9F6A-4D1F-B419-387793DC12ED}.Release|Any CPU.Build.0 = Release|Any CPU
		{CFD5C577-554E-417A-83FB-98EF497C4E2A}.Debug|Any CPU.ActiveCfg = Debug|Any CPU
		{CFD5C577-554E-417A-83FB-98EF497C4E2A}.Debug|Any CPU.Build.0 = Debug|Any CPU
		{CFD5C577-554E-417A-83FB-98EF497C4E2A}.Release|Any CPU.ActiveCfg = Release|Any CPU
		{CFD5C577-554E-417A-83FB-98EF497C4E2A}.Release|Any CPU.Build.0 = Release|Any CPU
		{4E04D122-E518-4EE0-B164-BFB9F28DA750}.Debug|Any CPU.ActiveCfg = Debug|Any CPU
		{4E04D122-E518-4EE0-B164-BFB9F28DA750}.Debug|Any CPU.Build.0 = Debug|Any CPU
		{4E04D122-E518-4EE0-B164-BFB9F28DA750}.Release|Any CPU.ActiveCfg = Release|Any CPU
		{4E04D122-E518-4EE0-B164-BFB9F28DA750}.Release|Any CPU.Build.0 = Release|Any CPU
	EndGlobalSection
	GlobalSection(SolutionProperties) = preSolution
		HideSolutionNode = FALSE
	EndGlobalSection
	GlobalSection(ExtensibilityGlobals) = postSolution
		SolutionGuid = {69B4FEF1-0450-47C6-A30B-93F8B7DD22C6}
	EndGlobalSection
EndGlobal
